{
  "name": "feedscout",
  "version": "0.0.1",
  "dependencies": {
    "express": {
      "version": "3.2.5",
      "from": "express@3.2.5",
      "resolved": "https://registry.npmjs.org/express/-/express-3.2.5.tgz",
      "dependencies": {
        "connect": {
          "version": "2.7.10",
          "from": "connect@2.7.10",
          "dependencies": {
            "qs": {
              "version": "0.6.5",
              "from": "qs@0.6.5"
            },
            "formidable": {
              "version": "1.0.14",
              "from": "formidable@1.0.14"
            },
            "cookie": {
              "version": "0.0.5",
              "from": "cookie@0.0.5"
            },
            "bytes": {
              "version": "0.2.0",
              "from": "bytes@0.2.0"
            },
            "pause": {
              "version": "0.0.1",
              "from": "pause@0.0.1"
            }
          }
        },
        "commander": {
          "version": "0.6.1",
          "from": "commander@0.6.1"
        },
        "range-parser": {
          "version": "0.0.4",
          "from": "range-parser@0.0.4"
        },
        "mkdirp": {
          "version": "0.3.4",
          "from": "mkdirp@0.3.4"
        },
        "cookie": {
          "version": "0.1.0",
          "from": "cookie@0.1.0"
        },
        "buffer-crc32": {
          "version": "0.2.1",
          "from": "buffer-crc32@0.2.1"
        },
        "fresh": {
          "version": "0.1.0",
          "from": "fresh@0.1.0"
        },
        "methods": {
          "version": "0.0.1",
          "from": "methods@0.0.1"
        },
        "send": {
          "version": "0.1.0",
          "from": "send@0.1.0",
          "dependencies": {
            "mime": {
              "version": "1.2.6",
              "from": "mime@1.2.6"
            }
          }
        },
        "cookie-signature": {
          "version": "1.0.1",
          "from": "cookie-signature@1.0.1"
        },
        "debug": {
          "version": "0.7.2",
          "from": "debug@*"
        }
      }
    },
    "jade": {
      "version": "0.30.0",
      "from": "jade@*",
      "dependencies": {
        "commander": {
          "version": "1.1.1",
          "from": "commander@~1.1.1",
          "dependencies": {
            "keypress": {
              "version": "0.1.0",
              "from": "keypress@0.1.x"
            }
          }
        },
        "mkdirp": {
          "version": "0.3.5",
          "from": "mkdirp@0.3.x"
        },
        "transformers": {
          "version": "2.0.1",
          "from": "transformers@~2.0.1",
          "dependencies": {
            "promise": {
              "version": "2.0.0",
              "from": "promise@~2.0",
              "dependencies": {
                "is-promise": {
                  "version": "1.0.0",
                  "from": "is-promise@~1"
                }
              }
            },
            "css": {
              "version": "1.0.8",
              "from": "css@~1.0.8",
              "dependencies": {
                "css-parse": {
                  "version": "1.0.4",
                  "from": "css-parse@1.0.4"
                },
                "css-stringify": {
                  "version": "1.0.5",
                  "from": "css-stringify@1.0.5"
                }
              }
            },
            "uglify-js": {
              "version": "2.2.5",
              "from": "uglify-js@~2.2.5",
              "dependencies": {
                "source-map": {
                  "version": "0.1.22",
                  "from": "source-map@~0.1.7",
                  "dependencies": {
                    "amdefine": {
                      "version": "0.0.5",
                      "from": "amdefine@>=0.0.4"
                    }
                  }
                },
                "optimist": {
                  "version": "0.3.7",
                  "from": "optimist@~0.3.5",
                  "dependencies": {
                    "wordwrap": {
                      "version": "0.0.2",
                      "from": "wordwrap@~0.0.2"
                    }
                  }
                }
              }
            }
          }
        },
        "character-parser": {
          "version": "1.0.2",
          "from": "character-parser@~1.0.0"
        },
        "monocle": {
          "version": "0.1.48",
          "from": "monocle@~0.1.46",
          "dependencies": {
            "readdirp": {
              "version": "0.2.4",
              "from": "readdirp@~0.2.3",
              "dependencies": {
                "minimatch": {
                  "version": "0.2.12",
                  "from": "minimatch@>=0.2.4",
                  "dependencies": {
                    "lru-cache": {
                      "version": "2.3.0",
                      "from": "lru-cache@2"
                    },
                    "sigmund": {
                      "version": "1.0.0",
                      "from": "sigmund@~1.0.0"
                    }
                  }
                }
              }
            }
          }
        }
      }
    },
    "stylus": {
      "version": "0.32.1",
      "from": "stylus@*",
      "dependencies": {
        "cssom": {
          "version": "0.2.5",
          "from": "cssom@0.2.x"
        },
        "mkdirp": {
          "version": "0.3.5",
          "from": "mkdirp@0.3.x"
        },
        "debug": {
          "version": "0.7.2",
          "from": "debug@*"
        }
      }
    },
    "nib": {
      "version": "0.9.1",
      "from": "nib@*"
    },
    "supertest": {
      "version": "0.6.0",
      "from": "supertest@*",
      "dependencies": {
        "superagent": {
          "version": "0.10.0",
          "from": "superagent@0.10.0",
          "dependencies": {
            "qs": {
              "version": "0.5.2",
              "from": "qs@0.5.2"
            },
            "formidable": {
              "version": "1.0.9",
              "from": "formidable@1.0.9"
            },
            "mime": {
              "version": "1.2.5",
              "from": "mime@1.2.5"
            },
            "emitter-component": {
              "version": "0.0.6",
              "from": "emitter-component@0.0.6"
            },
            "cookiejar": {
              "version": "1.3.0",
              "from": "cookiejar@1.3.0"
            },
            "better-assert": {
              "version": "0.1.0",
              "from": "better-assert@~0.1.0",
              "dependencies": {
                "callsite": {
                  "version": "1.0.0",
                  "from": "callsite@*"
                }
              }
            }
          }
        },
        "methods": {
          "version": "0.0.1",
          "from": "methods@0.0.1"
        }
      }
    },
    "expo-connect_assets": {
      "version": "0.1.5",
      "dependencies": {
        "connect-assets": {
          "version": "2.4.3",
          "from": "connect-assets@latest",
          "dependencies": {
            "connect-file-cache": {
              "version": "0.2.5",
              "from": "connect-file-cache@0.2.5",
              "dependencies": {
                "mime": {
                  "version": "1.2.2",
                  "from": "mime@1.2.2"
                },
                "underscore": {
                  "version": "1.1.7",
                  "from": "underscore@1.1.7"
                }
              }
            },
            "snockets": {
              "version": "1.3.8",
              "from": "snockets@1.3.8",
              "dependencies": {
                "coffee-script": {
                  "version": "1.6.2",
                  "from": "coffee-script@>=1.1.2"
                },
                "dep-graph": {
                  "version": "1.1.0",
                  "from": "dep-graph@1.1.0",
                  "dependencies": {
                    "underscore": {
                      "version": "1.2.1",
                      "from": "underscore@1.2.1"
                    }
                  }
                },
                "mime": {
                  "version": "1.2.2",
                  "from": "mime@1.2.2"
                },
                "uglify-js": {
                  "version": "1.0.7",
                  "from": "uglify-js@1.0.7"
                },
                "underscore": {
                  "version": "1.1.7",
                  "from": "underscore@1.1.7"
                }
              }
            }
          }
        }
      }
    },
    "expo-sequelize": {
      "version": "0.1.5",
      "dependencies": {
        "sequelize": {
          "version": "1.7.0-alpha2",
          "from": "sequelize@1.7.x",
          "dependencies": {
            "lodash": {
              "version": "1.2.1",
              "from": "lodash@~1.2.1"
            },
            "underscore.string": {
              "version": "2.3.1",
              "from": "underscore.string@~2.3.0"
            },
            "lingo": {
              "version": "0.0.5",
              "from": "lingo@~0.0.5"
            },
            "validator": {
              "version": "1.1.1",
              "from": "validator@1.1.1"
            },
            "moment": {
              "version": "1.7.2",
              "from": "moment@~1.7.0"
            },
            "commander": {
              "version": "0.6.1",
              "from": "commander@~0.6.0"
            },
            "dottie": {
              "version": "0.0.6-1",
              "from": "dottie@0.0.6-1"
            },
            "toposort-class": {
              "version": "0.1.4",
              "from": "toposort-class@0.1.4"
            },
            "generic-pool": {
              "version": "2.0.3",
              "from": "generic-pool@2.0.3"
            },
            "promise": {
              "version": "3.0.1",
              "from": "promise@~3.0.0"
            }
          }
        }
      }
    },
    "expo": {
      "version": "0.1.5",
      "dependencies": {
        "commander": {
          "version": "1.1.1",
          "from": "commander@1.1.x",
          "dependencies": {
            "keypress": {
              "version": "0.1.0",
              "from": "keypress@0.1.x"
            }
          }
        },
        "supervisor": {
          "version": "0.5.3",
          "from": "supervisor@0.5.3",
          "resolved": "https://registry.npmjs.org/supervisor/-/supervisor-0.5.3.tgz"
        },
        "js-yaml": {
          "version": "2.0.5",
          "from": "js-yaml",
          "dependencies": {
            "argparse": {
              "version": "0.1.15",
              "from": "argparse@~ 0.1.11",
              "dependencies": {
                "underscore": {
                  "version": "1.4.4",
                  "from": "underscore@~1.4.3"
                },
                "underscore.string": {
                  "version": "2.3.1",
                  "from": "underscore.string@~2.3.1"
                }
              }
            },
            "esprima": {
              "version": "1.0.3",
              "from": "esprima@~ 1.0.2"
            }
          }
        },
        "source-map-support": {
          "version": "0.1.6",
          "from": "source-map-support@",
          "dependencies": {
            "source-map": {
              "version": "0.1.8",
              "from": "source-map@0.1.8",
              "dependencies": {
                "amdefine": {
                  "version": "0.0.5",
                  "from": "amdefine@>=0.0.4"
                }
              }
            }
          }
        },
        "chai": {
          "version": "1.6.0",
          "from": "chai@1.6.x"
        },
        "express": {
          "version": "3.2.5",
          "from": "express",
          "dependencies": {
            "connect": {
              "version": "2.7.10",
              "from": "connect@2.7.10",
              "dependencies": {
                "qs": {
                  "version": "0.6.5",
                  "from": "qs@0.6.5"
                },
                "formidable": {
                  "version": "1.0.14",
                  "from": "formidable@1.0.14"
                },
                "cookie": {
                  "version": "0.0.5",
                  "from": "cookie@0.0.5"
                },
                "bytes": {
                  "version": "0.2.0",
                  "from": "bytes@0.2.0"
                },
                "pause": {
                  "version": "0.0.1",
                  "from": "pause@0.0.1"
                }
              }
            },
            "commander": {
              "version": "0.6.1",
              "from": "commander@0.6.1"
            },
            "range-parser": {
              "version": "0.0.4",
              "from": "range-parser@0.0.4"
            },
            "mkdirp": {
              "version": "0.3.4",
              "from": "mkdirp@0.3.4"
            },
            "cookie": {
              "version": "0.1.0",
              "from": "cookie@0.1.0"
            },
            "buffer-crc32": {
              "version": "0.2.1",
              "from": "buffer-crc32@0.2.1"
            },
            "fresh": {
              "version": "0.1.0",
              "from": "fresh@0.1.0"
            },
            "methods": {
              "version": "0.0.1",
              "from": "methods@0.0.1"
            },
            "send": {
              "version": "0.1.0",
              "from": "send@0.1.0",
              "dependencies": {
                "mime": {
                  "version": "1.2.6",
                  "from": "mime@1.2.6"
                }
              }
            },
            "cookie-signature": {
              "version": "1.0.1",
              "from": "cookie-signature@1.0.1"
            },
            "debug": {
              "version": "0.7.2",
              "from": "debug@*"
            }
          }
        },
        "mocha": {
          "version": "1.10.0",
          "from": "mocha@1.10.x",
          "dependencies": {
            "commander": {
              "version": "0.6.1",
              "from": "commander@0.6.1"
            },
            "growl": {
              "version": "1.7.0",
              "from": "growl@1.7.x"
            },
            "jade": {
              "version": "0.26.3",
              "from": "jade@0.26.3",
              "dependencies": {
                "mkdirp": {
                  "version": "0.3.0",
                  "from": "mkdirp@0.3.0"
                }
              }
            },
            "diff": {
              "version": "1.0.2",
              "from": "diff@1.0.2"
            },
            "debug": {
              "version": "0.7.2",
              "from": "debug@*"
            },
            "mkdirp": {
              "version": "0.3.3",
              "from": "mkdirp@0.3.3"
            },
            "ms": {
              "version": "0.3.0",
              "from": "ms@0.3.0"
            },
            "glob": {
              "version": "3.2.1",
              "from": "glob@3.2.1",
              "dependencies": {
                "minimatch": {
                  "version": "0.2.12",
                  "from": "minimatch@~0.2.11",
                  "dependencies": {
                    "lru-cache": {
                      "version": "2.3.0",
                      "from": "lru-cache@2"
                    },
                    "sigmund": {
                      "version": "1.0.0",
                      "from": "sigmund@~1.0.0"
                    }
                  }
                },
                "graceful-fs": {
                  "version": "1.2.1",
                  "from": "graceful-fs@~1.2.0"
                },
                "inherits": {
                  "version": "1.0.0",
                  "from": "inherits@1"
                }
              }
            }
          }
        },
        "supertest": {
          "version": "0.6.0",
          "from": "supertest@0.6.x",
          "dependencies": {
            "superagent": {
              "version": "0.10.0",
              "from": "superagent@0.10.0",
              "dependencies": {
                "qs": {
                  "version": "0.5.2",
                  "from": "qs@0.5.2"
                },
                "formidable": {
                  "version": "1.0.9",
                  "from": "formidable@1.0.9"
                },
                "mime": {
                  "version": "1.2.5",
                  "from": "mime@1.2.5"
                },
                "emitter-component": {
                  "version": "0.0.6",
                  "from": "emitter-component@0.0.6"
                },
                "cookiejar": {
                  "version": "1.3.0",
                  "from": "cookiejar@1.3.0"
                },
                "better-assert": {
                  "version": "0.1.0",
                  "from": "better-assert@~0.1.0",
                  "dependencies": {
                    "callsite": {
                      "version": "1.0.0",
                      "from": "callsite@*"
                    }
                  }
                }
              }
            },
            "methods": {
              "version": "0.0.1",
              "from": "methods@0.0.1"
            }
          }
        }
      }
    },
    "sequelize": {
      "version": "1.7.0-alpha2",
      "from": "sequelize@",
      "dependencies": {
        "lodash": {
          "version": "1.2.1",
          "from": "lodash@~1.2.1"
        },
        "underscore.string": {
          "version": "2.3.1",
          "from": "underscore.string@~2.3.0"
        },
        "lingo": {
          "version": "0.0.5",
          "from": "lingo@~0.0.5"
        },
        "validator": {
          "version": "1.1.1",
          "from": "validator@1.1.1"
        },
        "moment": {
          "version": "1.7.2",
          "from": "moment@~1.7.0"
        },
        "commander": {
          "version": "0.6.1",
          "from": "commander@~0.6.0"
        },
        "dottie": {
          "version": "0.0.6-1",
          "from": "dottie@0.0.6-1"
        },
        "toposort-class": {
          "version": "0.1.4",
          "from": "toposort-class@0.1.4"
        },
        "generic-pool": {
          "version": "2.0.3",
          "from": "generic-pool@2.0.3"
        },
        "promise": {
          "version": "3.0.1",
          "from": "promise@~3.0.0"
        }
      }
    },
    "async": {
      "version": "0.2.9",
      "from": "async@",
      "resolved": "https://registry.npmjs.org/async/-/async-0.2.9.tgz"
    },
    "passport": {
      "version": "0.1.17",
      "from": "passport@",
      "resolved": "https://registry.npmjs.org/passport/-/passport-0.1.17.tgz",
      "dependencies": {
        "pkginfo": {
          "version": "0.2.3",
          "from": "pkginfo@0.2.x",
          "resolved": "https://registry.npmjs.org/pkginfo/-/pkginfo-0.2.3.tgz"
        },
        "pause": {
          "version": "0.0.1",
          "from": "pause@0.0.1"
        }
      }
    },
    "passport-twitter": {
      "version": "0.1.5",
      "from": "passport-twitter@",
      "resolved": "https://registry.npmjs.org/passport-twitter/-/passport-twitter-0.1.5.tgz",
      "dependencies": {
        "pkginfo": {
          "version": "0.2.3",
          "from": "pkginfo@0.2.x"
        },
        "passport-oauth": {
          "version": "0.1.15",
          "from": "passport-oauth@0.1.x",
          "dependencies": {
            "oauth": {
              "version": "0.9.10",
              "from": "oauth@0.9.x"
            }
          }
        }
      }
    },
    "passport-instagram": {
      "version": "0.1.2",
      "from": "passport-instagram@",
      "resolved": "https://registry.npmjs.org/passport-instagram/-/passport-instagram-0.1.2.tgz",
      "dependencies": {
        "pkginfo": {
          "version": "0.2.3",
          "from": "pkginfo@0.2.x"
        },
        "passport-oauth": {
          "version": "0.1.15",
          "from": "passport-oauth@0.1.x",
          "dependencies": {
            "oauth": {
              "version": "0.9.10",
              "from": "oauth@0.9.x"
            }
          }
        }
      }
    },
    "passport-tumblr": {
      "version": "0.1.2",
      "from": "passport-tumblr@",
      "resolved": "https://registry.npmjs.org/passport-tumblr/-/passport-tumblr-0.1.2.tgz",
      "dependencies": {
        "pkginfo": {
          "version": "0.2.3",
          "from": "pkginfo@0.2.x"
        },
        "passport-oauth": {
          "version": "0.1.15",
          "from": "passport-oauth@0.1.x",
          "dependencies": {
            "oauth": {
              "version": "0.9.10",
              "from": "oauth@0.9.x"
            }
          }
        }
      }
    },
    "passport-flickr": {
      "version": "0.1.1",
      "from": "passport-flickr@",
      "resolved": "https://registry.npmjs.org/passport-flickr/-/passport-flickr-0.1.1.tgz",
      "dependencies": {
        "passport-oauth": {
          "version": "1.0.0",
          "from": "passport-oauth@>= 0.1.0",
          "resolved": "https://registry.npmjs.org/passport-oauth/-/passport-oauth-1.0.0.tgz",
          "dependencies": {
            "passport-oauth1": {
              "version": "1.0.0",
              "from": "passport-oauth1@1.x.x",
              "resolved": "https://registry.npmjs.org/passport-oauth1/-/passport-oauth1-1.0.0.tgz",
              "dependencies": {
                "passport-strategy": {
                  "version": "1.0.0",
                  "from": "passport-strategy@1.x.x",
                  "resolved": "https://registry.npmjs.org/passport-strategy/-/passport-strategy-1.0.0.tgz"
                },
                "oauth": {
                  "version": "0.9.10",
                  "from": "oauth@0.9.x"
                },
                "utils-merge": {
                  "version": "1.0.0",
                  "from": "utils-merge@1.x.x",
                  "resolved": "https://registry.npmjs.org/utils-merge/-/utils-merge-1.0.0.tgz"
                }
              }
            },
            "passport-oauth2": {
              "version": "1.1.0",
              "from": "passport-oauth2@1.x.x",
              "resolved": "https://registry.npmjs.org/passport-oauth2/-/passport-oauth2-1.1.0.tgz",
              "dependencies": {
                "passport-strategy": {
                  "version": "1.0.0",
                  "from": "passport-strategy@1.x.x",
                  "resolved": "https://registry.npmjs.org/passport-strategy/-/passport-strategy-1.0.0.tgz"
                },
                "oauth": {
                  "version": "0.9.10",
                  "from": "oauth@0.9.x"
                },
                "uid2": {
                  "version": "0.0.3",
                  "from": "uid2@0.0.x",
                  "resolved": "https://registry.npmjs.org/uid2/-/uid2-0.0.3.tgz"
                }
              }
            }
          }
        }
      }
    },
    "twitter": {
      "version": "0.1.18",
      "from": "git://github.com/desmondmorris/node-twitter.git",
      "resolved": "git://github.com/desmondmorris/node-twitter.git#f69ab77f0dc268da6b590f58cf4f9dd51c6996a7",
      "dependencies": {
        "oauth": {
          "version": "0.9.10",
          "from": "oauth@>=0.8.4"
        },
        "cookies": {
          "version": "0.3.6",
          "from": "cookies@>=0.1.6"
        },
        "keygrip": {
          "version": "0.2.2",
          "from": "keygrip@>=0.1.7"
        }
      }
    },
    "underscore": {
      "version": "1.4.4",
      "from": "underscore@"
    },
    "moment": {
      "version": "2.0.0",
      "from": "moment@",
      "resolved": "https://registry.npmjs.org/moment/-/moment-2.0.0.tgz"
    },
    "q": {
      "version": "0.9.6",
      "from": "q@",
      "resolved": "https://registry.npmjs.org/q/-/q-0.9.6.tgz"
    },
    "pg": {
      "version": "2.4.0",
      "from": "pg@",
      "resolved": "https://registry.npmjs.org/pg/-/pg-2.4.0.tgz",
      "dependencies": {
        "generic-pool": {
          "version": "2.0.3",
          "from": "generic-pool@2.0.3",
          "resolved": "https://registry.npmjs.org/generic-pool/-/generic-pool-2.0.3.tgz"
        },
        "buffer-writer": {
          "version": "1.0.0",
          "from": "buffer-writer@1.0.0",
          "resolved": "https://registry.npmjs.org/buffer-writer/-/buffer-writer-1.0.0.tgz",
          "dependencies": {
            "cloned": {
              "version": "0.0.1",
              "from": "cloned@0.0.1",
              "resolved": "https://registry.npmjs.org/cloned/-/cloned-0.0.1.tgz",
              "dependencies": {
                "rmdir": {
                  "version": "1.0.0",
                  "from": "rmdir@~1.0.0"
                }
              }
            }
          }
        }
      }
    },
    "sinon": {
      "version": "1.7.2",
      "from": "sinon@",
      "dependencies": {
        "buster-format": {
          "version": "0.5.5",
          "from": "buster-format@~0.5",
          "dependencies": {
            "buster-core": {
              "version": "0.6.4",
              "from": "buster-core@>=0.6.2"
            }
          }
        }
      }
    },
    "xml-digester": {
      "version": "0.0.3",
      "from": "xml-digester@",
      "resolved": "https://registry.npmjs.org/xml-digester/-/xml-digester-0.0.3.tgz",
      "dependencies": {
        "sax": {
          "version": "0.5.4",
          "from": "sax@>= 0.5.1",
          "resolved": "https://registry.npmjs.org/sax/-/sax-0.5.4.tgz"
        }
      }
    },
    "superagent": {
      "version": "0.14.9",
      "from": "superagent@",
      "resolved": "https://registry.npmjs.org/superagent/-/superagent-0.14.9.tgz",
      "dependencies": {
        "qs": {
          "version": "0.6.5",
          "from": "qs@0.6.5",
          "resolved": "https://registry.npmjs.org/qs/-/qs-0.6.5.tgz"
        },
        "formidable": {
          "version": "1.0.9",
          "from": "formidable@1.0.9",
          "resolved": "https://registry.npmjs.org/formidable/-/formidable-1.0.9.tgz"
        },
        "mime": {
          "version": "1.2.5",
          "from": "mime@1.2.5",
          "resolved": "https://registry.npmjs.org/mime/-/mime-1.2.5.tgz"
        },
        "emitter-component": {
          "version": "1.0.0",
          "from": "emitter-component@1.0.0",
          "resolved": "https://registry.npmjs.org/emitter-component/-/emitter-component-1.0.0.tgz"
        },
        "methods": {
          "version": "0.0.1",
          "from": "methods@0.0.1",
          "resolved": "https://registry.npmjs.org/methods/-/methods-0.0.1.tgz"
        },
        "cookiejar": {
          "version": "1.3.0",
          "from": "cookiejar@1.3.0",
          "resolved": "https://registry.npmjs.org/cookiejar/-/cookiejar-1.3.0.tgz"
        },
        "debug": {
          "version": "0.7.2",
          "from": "debug@~0.7.2"
        }
      }
    }
  }
}
